
Microsoft Visual Studio Solution File, Format Version 12.00
# Visual Studio 15
VisualStudioVersion = 15.0.27703.1
MinimumVisualStudioVersion = 10.0.40219.1
Project("{FAE04EC0-301F-11D3-BF4B-00C04F79EFBC}") = "PayRoll.Tests", "PayRoll.Tests\PayRoll.Tests.csproj", "{52774F90-9044-4119-BD1E-697E8CC29FE1}"
EndProject
Project("{FAE04EC0-301F-11D3-BF4B-00C04F79EFBC}") = "PayRoll.Program", "PayRoll.Program\PayRoll.Program.csproj", "{9FFD1664-834B-465E-B20C-788C19D26474}"
EndProject
Project("{FAE04EC0-301F-11D3-BF4B-00C04F79EFBC}") = "PayRoll.Core", "PayRoll.Core\PayRoll.Core.csproj", "{235A3C31-5AF3-4088-AF04-C38F4BF27612}"
EndProject
Global
	GlobalSection(SolutionConfigurationPlatforms) = preSolution
		Debug|Any CPU = Debug|Any CPU
		Release|Any CPU = Release|Any CPU
	EndGlobalSection
	GlobalSection(ProjectConfigurationPlatforms) = postSolution
		{52774F90-9044-4119-BD1E-697E8CC29FE1}.Debug|Any CPU.ActiveCfg = Debug|Any CPU
		{52774F90-9044-4119-BD1E-697E8CC29FE1}.Debug|Any CPU.Build.0 = Debug|Any CPU
		{52774F90-9044-4119-BD1E-697E8CC29FE1}.Release|Any CPU.ActiveCfg = Release|Any CPU
		{52774F90-9044-4119-BD1E-697E8CC29FE1}.Release|Any CPU.Build.0 = Release|Any CPU
		{9FFD1664-834B-465E-B20C-788C19D26474}.Debug|Any CPU.ActiveCfg = Debug|Any CPU
		{9FFD1664-834B-465E-B20C-788C19D26474}.Debug|Any CPU.Build.0 = Debug|Any CPU
		{9FFD1664-834B-465E-B20C-788C19D26474}.Release|Any CPU.ActiveCfg = Release|Any CPU
		{9FFD1664-834B-465E-B20C-788C19D26474}.Release|Any CPU.Build.0 = Release|Any CPU
		{235A3C31-5AF3-4088-AF04-C38F4BF27612}.Debug|Any CPU.ActiveCfg = Debug|Any CPU
		{235A3C31-5AF3-4088-AF04-C38F4BF27612}.Debug|Any CPU.Build.0 = Debug|Any CPU
		{235A3C31-5AF3-4088-AF04-C38F4BF27612}.Release|Any CPU.ActiveCfg = Release|Any CPU
		{235A3C31-5AF3-4088-AF04-C38F4BF27612}.Release|Any CPU.Build.0 = Release|Any CPU
	EndGlobalSection
	GlobalSection(SolutionProperties) = preSolution
		HideSolutionNode = FALSE
	EndGlobalSection
	GlobalSection(ExtensibilityGlobals) = postSolution
		SolutionGuid = {B95E56A3-F935-444D-8AF9-E932DAF68A36}
	EndGlobalSection
EndGlobal
